{
  "nodes": {
    "adblock-unbound": {
      "inputs": {
        "adblockStevenBlack": "adblockStevenBlack",
        "flake-utils": [
          "flake-utils"
        ],
        "nixpkgs": [
          "nixpkgs"
        ]
      },
      "locked": {
        "lastModified": 1655220242,
        "narHash": "sha256-rWPK2ya7PyB4n+Kbf6sfv1RUzeAl20F6Z+bH13SHNBw=",
        "owner": "MayNiklas",
        "repo": "nixos-adblock-unbound",
        "rev": "a05f34f74e315d539fe40882f65978ad5279aebd",
        "type": "github"
      },
      "original": {
        "owner": "MayNiklas",
        "repo": "nixos-adblock-unbound",
        "type": "github"
      }
    },
    "adblock-unbound_2": {
      "inputs": {
        "adblockStevenBlack": "adblockStevenBlack_2",
        "flake-utils": [
          "mayniklas",
          "flake-utils"
        ],
        "nixpkgs": [
          "mayniklas",
          "nixpkgs"
        ]
      },
      "locked": {
        "lastModified": 1655220242,
        "narHash": "sha256-rWPK2ya7PyB4n+Kbf6sfv1RUzeAl20F6Z+bH13SHNBw=",
        "owner": "MayNiklas",
        "repo": "nixos-adblock-unbound",
        "rev": "a05f34f74e315d539fe40882f65978ad5279aebd",
        "type": "github"
      },
      "original": {
        "owner": "MayNiklas",
        "repo": "nixos-adblock-unbound",
        "type": "github"
      }
    },
    "adblockStevenBlack": {
      "flake": false,
      "locked": {
        "lastModified": 1654831104,
        "narHash": "sha256-qybp7aELcGKZjcPBR3ouXEoUgMKlfcxGecvCalMvT2w=",
        "owner": "StevenBlack",
        "repo": "hosts",
        "rev": "11b8c3d9ac5b154ff4a5f5ff203b822e9fc27d11",
        "type": "github"
      },
      "original": {
        "owner": "StevenBlack",
        "repo": "hosts",
        "type": "github"
      }
    },
    "adblockStevenBlack_2": {
      "flake": false,
      "locked": {
        "lastModified": 1654831104,
        "narHash": "sha256-qybp7aELcGKZjcPBR3ouXEoUgMKlfcxGecvCalMvT2w=",
        "owner": "StevenBlack",
        "repo": "hosts",
        "rev": "11b8c3d9ac5b154ff4a5f5ff203b822e9fc27d11",
        "type": "github"
      },
      "original": {
        "owner": "StevenBlack",
        "repo": "hosts",
        "type": "github"
      }
    },
    "domain-check": {
      "inputs": {
        "flake-utils": [
          "flake-utils"
        ],
        "nixpkgs": [
          "nixpkgs"
        ]
      },
      "locked": {
        "lastModified": 1653941814,
        "narHash": "sha256-vGMep7V7JYxYMrhD0ltq+26T5ziu8llp340ZJTiHnEs=",
        "owner": "nonchris",
        "repo": "domain-check",
        "rev": "b19ea2ebadbcaff6671f7f6c83db6b409a4e182f",
        "type": "github"
      },
      "original": {
        "owner": "nonchris",
        "repo": "domain-check",
        "type": "github"
      }
    },
    "dyson-exporter": {
      "inputs": {
        "flake-utils": [
          "mayniklas",
          "flake-utils"
        ],
        "nixpkgs": [
          "mayniklas",
          "nixpkgs"
        ]
      },
      "locked": {
        "lastModified": 1655643732,
        "narHash": "sha256-eHxAuLbzytsAOWk8y3XrlWqb/3SiJBoJ9JBp3s0hQlI=",
        "owner": "MayNiklas",
        "repo": "dyson-exporter",
        "rev": "01cfa3ad1cbf359bda10fb10be01e4408452978c",
        "type": "github"
      },
      "original": {
        "owner": "MayNiklas",
        "repo": "dyson-exporter",
        "type": "github"
      }
    },
    "flake-utils": {
      "locked": {
        "lastModified": 1653893745,
        "narHash": "sha256-0jntwV3Z8//YwuOjzhV2sgJJPt+HY6KhU7VZUL0fKZQ=",
        "owner": "numtide",
        "repo": "flake-utils",
        "rev": "1ed9fb1935d260de5fe1c2f7ee0ebaae17ed2fa1",
        "type": "github"
      },
      "original": {
        "owner": "numtide",
        "repo": "flake-utils",
        "type": "github"
      }
    },
    "home-manager": {
      "inputs": {
        "nixpkgs": [
          "nixpkgs"
        ]
      },
      "locked": {
        "lastModified": 1654113405,
        "narHash": "sha256-VpK+0QaWG2JRgB00lw77N9TjkE3ec0iMYIX1TzGpxa4=",
        "owner": "nix-community",
        "repo": "home-manager",
        "rev": "ac2287df5a2d6f0a44bbcbd11701dbbf6ec43675",
        "type": "github"
      },
      "original": {
        "owner": "nix-community",
        "ref": "release-22.05",
        "repo": "home-manager",
        "type": "github"
      }
    },
    "mayniklas": {
      "inputs": {
        "adblock-unbound": "adblock-unbound_2",
        "dyson-exporter": "dyson-exporter",
        "flake-utils": [
          "flake-utils"
        ],
        "home-manager": [
          "home-manager"
        ],
        "nixos-hardware": "nixos-hardware",
        "nixpkgs": [
          "nixpkgs"
        ],
        "shelly-exporter": "shelly-exporter",
        "valorant-exporter": "valorant-exporter"
      },
      "locked": {
        "lastModified": 1656144635,
        "narHash": "sha256-eYRPBCn/B4t3C0PNGPDZIHwaHg1f+moUq6wRwwKAdT8=",
        "owner": "mayniklas",
        "repo": "nixos",
        "rev": "507d319f15723203a5f5a031b994add5770c9961",
        "type": "github"
      },
      "original": {
        "owner": "mayniklas",
        "repo": "nixos",
        "type": "github"
      }
    },
    "nixos-hardware": {
      "locked": {
        "lastModified": 1655789751,
        "narHash": "sha256-DbL2gn7YwkuX10OdlWfZ/A7zEJztwHh9NMeau1JMTdk=",
        "owner": "NixOS",
        "repo": "nixos-hardware",
        "rev": "f9d8dff4e621f2d7f2b84d9e84bc6359715f971c",
        "type": "github"
      },
      "original": {
        "owner": "NixOS",
        "repo": "nixos-hardware",
        "type": "github"
      }
    },
    "nixpkgs": {
      "locked": {
        "lastModified": 1654758790,
        "narHash": "sha256-bXimktlkjL9s8ldMzMBslxEs80cjZDqrof1g8MbhmQI=",
        "owner": "nixos",
        "repo": "nixpkgs",
        "rev": "e5556c75ac012ee6e03f39a56c1c51b0f7d658c2",
        "type": "github"
      },
      "original": {
        "owner": "nixos",
        "ref": "nixos-22.05",
        "repo": "nixpkgs",
        "type": "github"
      }
    },
    "root": {
      "inputs": {
        "adblock-unbound": "adblock-unbound",
        "domain-check": "domain-check",
        "flake-utils": "flake-utils",
        "home-manager": "home-manager",
        "mayniklas": "mayniklas",
        "nixpkgs": "nixpkgs"
      }
    },
    "shelly-exporter": {
      "inputs": {
        "flake-utils": [
          "mayniklas",
          "flake-utils"
        ],
        "nixpkgs": [
          "mayniklas",
          "nixpkgs"
        ]
      },
      "locked": {
        "lastModified": 1655803837,
        "narHash": "sha256-ZkOH6XTPkb6iIyV8GWTvJGvGXBAtVghNc1dbEKK1S5w=",
        "owner": "MayNiklas",
        "repo": "shelly-exporter",
        "rev": "90a9eb6df1abebfe5c262779e1c71edd5d24b0d3",
        "type": "github"
      },
      "original": {
        "owner": "MayNiklas",
        "repo": "shelly-exporter",
        "type": "github"
      }
    },
    "valorant-exporter": {
      "inputs": {
        "flake-utils": [
          "mayniklas",
          "flake-utils"
        ],
        "nixpkgs": [
          "mayniklas",
          "nixpkgs"
        ]
      },
      "locked": {
        "lastModified": 1656144261,
        "narHash": "sha256-DpXjRzynD3NaN91DbGvx1Wn62qRYaHHhKiZOexbxBmU=",
        "owner": "MayNiklas",
        "repo": "valorant-exporter",
        "rev": "bd4a8f0b2c002af1296610367301d3a6ac156837",
        "type": "github"
      },
      "original": {
        "owner": "MayNiklas",
        "repo": "valorant-exporter",
        "type": "github"
      }
    }
  },
  "root": "root",
  "version": 7
}
