{
  "nodes": {
    "flake-utils": {
      "locked": {
        "lastModified": 1644229661,
        "narHash": "sha256-1YdnJAsNy69bpcjuoKdOYQX0YxZBiCYZo4Twxerqv7k=",
        "owner": "numtide",
        "repo": "flake-utils",
        "rev": "3cecb5b042f7f209c56ffd8371b2711a290ec797",
        "type": "github"
      },
      "original": {
        "owner": "numtide",
        "repo": "flake-utils",
        "type": "github"
      }
    },
    "home-manager": {
      "inputs": {
        "nixpkgs": [
          "nixpkgs"
        ]
      },
      "locked": {
        "lastModified": 1643933536,
        "narHash": "sha256-yRmsWAG4DnLxLIUtlaZsl0kH7rN5xSoyNRlf0YZrcH4=",
        "owner": "nix-community",
        "repo": "home-manager",
        "rev": "2860d7e3bb350f18f7477858f3513f9798896831",
        "type": "github"
      },
      "original": {
        "owner": "nix-community",
        "ref": "release-21.11",
        "repo": "home-manager",
        "type": "github"
      }
    },
    "mayniklas": {
      "inputs": {
        "flake-utils": "flake-utils",
        "home-manager": [
          "home-manager"
        ],
        "nixpkgs": [
          "nixpkgs"
        ],
        "nixpkgs-unstable": "nixpkgs-unstable"
      },
      "locked": {
        "lastModified": 1645611723,
        "narHash": "sha256-zj84M+iaX2q5e9F3oX6wBR1Vj8kdiQmC4Nyt0W4P/m0=",
        "owner": "mayniklas",
        "repo": "nixos",
        "rev": "0f2c4f729cb8ef126322fb065564e57a6c686260",
        "type": "github"
      },
      "original": {
        "owner": "mayniklas",
        "repo": "nixos",
        "type": "github"
      }
    },
    "nixpkgs": {
      "locked": {
        "lastModified": 1645379616,
        "narHash": "sha256-eLzR3MRS9hcNqSWZxP6BP7xiBjgC3/pB5n2Q0lLFe/g=",
        "owner": "nixos",
        "repo": "nixpkgs",
        "rev": "40ef692a55b188b1f5ae3967f3fc7808838c3f1d",
        "type": "github"
      },
      "original": {
        "owner": "nixos",
        "ref": "nixos-21.11",
        "repo": "nixpkgs",
        "type": "github"
      }
    },
    "nixpkgs-unstable": {
      "locked": {
        "lastModified": 1645503040,
        "narHash": "sha256-XE4o3NrqBKLs4RlzjHgGy15KC3AY8AsUeVPdB7nmXiE=",
        "owner": "nixos",
        "repo": "nixpkgs",
        "rev": "93883402a445ad467320925a0a5dbe43a949f25b",
        "type": "github"
      },
      "original": {
        "owner": "nixos",
        "ref": "nixos-unstable-small",
        "repo": "nixpkgs",
        "type": "github"
      }
    },
    "nixpkgs-unstable_2": {
      "locked": {
        "lastModified": 1645433236,
        "narHash": "sha256-4va4MvJ076XyPp5h8sm5eMQvCrJ6yZAbBmyw95dGyw4=",
        "owner": "nixos",
        "repo": "nixpkgs",
        "rev": "7f9b6e2babf232412682c09e57ed666d8f84ac2d",
        "type": "github"
      },
      "original": {
        "owner": "nixos",
        "ref": "nixos-unstable",
        "repo": "nixpkgs",
        "type": "github"
      }
    },
    "root": {
      "inputs": {
        "home-manager": "home-manager",
        "mayniklas": "mayniklas",
        "nixpkgs": "nixpkgs",
        "nixpkgs-unstable": "nixpkgs-unstable_2"
      }
    }
  },
  "root": "root",
  "version": 7
}
